
Microsoft Visual Studio Solution File, Format Version 12.00
# Visual Studio Version 17
VisualStudioVersion = 17.12.35527.113
MinimumVisualStudioVersion = 10.0.40219.1
Project("{2150E333-8FDC-42A3-9474-1A3956D46DE8}") = "services", "services", "{35B4A4FF-8D4C-45C6-943C-AFBADD0E10EA}"
EndProject
Project("{2150E333-8FDC-42A3-9474-1A3956D46DE8}") = "Catalog", "Catalog", "{AADE2369-9F22-4E36-81B9-098FE0BA3BC2}"
EndProject
Project("{FAE04EC0-301F-11D3-BF4B-00C04F79EFBC}") = "Catalog.API", "Services\Catalog\Catalog.API\Catalog.API.csproj", "{A75475B6-BA0F-491F-9721-A3E72C5B5E22}"
EndProject
Project("{2150E333-8FDC-42A3-9474-1A3956D46DE8}") = "BuildingBlocks", "BuildingBlocks", "{50EA2255-03D4-44E9-8BDF-78E3987B3AAE}"
EndProject
Project("{FAE04EC0-301F-11D3-BF4B-00C04F79EFBC}") = "BuildingBlocks", "BuildingBlocks\BuildingBlocks\BuildingBlocks.csproj", "{DA390672-CBB7-460C-96DC-BBC743A12A27}"
EndProject
Project("{E53339B2-1760-4266-BCC7-CA923CBCF16C}") = "docker-compose", "docker-compose.dcproj", "{B8BBC844-9811-4808-89E1-73A2ECB03E47}"
EndProject
Project("{2150E333-8FDC-42A3-9474-1A3956D46DE8}") = "Basket", "Basket", "{63D86CA3-68A5-4B76-8860-6F3874B17C1F}"
EndProject
Project("{FAE04EC0-301F-11D3-BF4B-00C04F79EFBC}") = "Basket.API", "Services\Basket\Basket.API\Basket.API.csproj", "{DFED4CA5-8F2A-428E-9FF3-A2503845E175}"
EndProject
Project("{2150E333-8FDC-42A3-9474-1A3956D46DE8}") = "Discount", "Discount", "{02EA681E-C7D8-13C7-8484-4AC65E1B71E8}"
EndProject
Project("{FAE04EC0-301F-11D3-BF4B-00C04F79EFBC}") = "Discount.Grpc", "Services\Discount\Discount.Grpc\Discount.Grpc.csproj", "{C7B8E7E6-AA7A-445A-A3BF-0643FF864196}"
EndProject
Project("{2150E333-8FDC-42A3-9474-1A3956D46DE8}") = "Ordering", "Ordering", "{EF1CAB25-B0CA-4293-9E5B-7470E38E935A}"
EndProject
Project("{FAE04EC0-301F-11D3-BF4B-00C04F79EFBC}") = "Ordering.API", "Services\Ordering\Ordering.API\Ordering.API.csproj", "{5E5A5992-C04A-4237-A5FB-31C713984DE0}"
EndProject
Project("{FAE04EC0-301F-11D3-BF4B-00C04F79EFBC}") = "Ordering.Application", "Services\Ordering\Ordering.Application\Ordering.Application.csproj", "{593DAFE3-E681-4E3B-870F-9E4C25D9FF75}"
EndProject
Project("{FAE04EC0-301F-11D3-BF4B-00C04F79EFBC}") = "Ordering.Domain", "Services\Ordering\Ordering.Domain\Ordering.Domain.csproj", "{91255FC5-32D4-44BE-8943-EAF31C5C5A5C}"
EndProject
Project("{FAE04EC0-301F-11D3-BF4B-00C04F79EFBC}") = "Ordering.Infraestructure", "Services\Ordering\Ordering.Infraestructure\Ordering.Infraestructure.csproj", "{4A327934-9232-49C2-958C-67614ECD86EA}"
EndProject
Project("{FAE04EC0-301F-11D3-BF4B-00C04F79EFBC}") = "Builingblock.Messaging", "Builingblock.Messaging\Builingblock.Messaging.csproj", "{E79B44D7-B6DA-4AD1-8403-2E399A203159}"
EndProject
Project("{2150E333-8FDC-42A3-9474-1A3956D46DE8}") = "ApiGetways", "ApiGetways", "{E01889B2-8518-4650-B5EA-9B8E6336864F}"
EndProject
Project("{FAE04EC0-301F-11D3-BF4B-00C04F79EFBC}") = "YarpApiGeteway", "YarpApiGeteway\YarpApiGeteway.csproj", "{23ACA190-98F8-4459-8523-628E5E2997BA}"
EndProject
Global
	GlobalSection(SolutionConfigurationPlatforms) = preSolution
		Debug|Any CPU = Debug|Any CPU
		Release|Any CPU = Release|Any CPU
	EndGlobalSection
	GlobalSection(ProjectConfigurationPlatforms) = postSolution
		{A75475B6-BA0F-491F-9721-A3E72C5B5E22}.Debug|Any CPU.ActiveCfg = Debug|Any CPU
		{A75475B6-BA0F-491F-9721-A3E72C5B5E22}.Debug|Any CPU.Build.0 = Debug|Any CPU
		{A75475B6-BA0F-491F-9721-A3E72C5B5E22}.Release|Any CPU.ActiveCfg = Release|Any CPU
		{A75475B6-BA0F-491F-9721-A3E72C5B5E22}.Release|Any CPU.Build.0 = Release|Any CPU
		{DA390672-CBB7-460C-96DC-BBC743A12A27}.Debug|Any CPU.ActiveCfg = Debug|Any CPU
		{DA390672-CBB7-460C-96DC-BBC743A12A27}.Debug|Any CPU.Build.0 = Debug|Any CPU
		{DA390672-CBB7-460C-96DC-BBC743A12A27}.Release|Any CPU.ActiveCfg = Release|Any CPU
		{DA390672-CBB7-460C-96DC-BBC743A12A27}.Release|Any CPU.Build.0 = Release|Any CPU
		{B8BBC844-9811-4808-89E1-73A2ECB03E47}.Debug|Any CPU.ActiveCfg = Debug|Any CPU
		{B8BBC844-9811-4808-89E1-73A2ECB03E47}.Debug|Any CPU.Build.0 = Debug|Any CPU
		{B8BBC844-9811-4808-89E1-73A2ECB03E47}.Release|Any CPU.ActiveCfg = Release|Any CPU
		{B8BBC844-9811-4808-89E1-73A2ECB03E47}.Release|Any CPU.Build.0 = Release|Any CPU
		{DFED4CA5-8F2A-428E-9FF3-A2503845E175}.Debug|Any CPU.ActiveCfg = Debug|Any CPU
		{DFED4CA5-8F2A-428E-9FF3-A2503845E175}.Debug|Any CPU.Build.0 = Debug|Any CPU
		{DFED4CA5-8F2A-428E-9FF3-A2503845E175}.Release|Any CPU.ActiveCfg = Release|Any CPU
		{DFED4CA5-8F2A-428E-9FF3-A2503845E175}.Release|Any CPU.Build.0 = Release|Any CPU
		{C7B8E7E6-AA7A-445A-A3BF-0643FF864196}.Debug|Any CPU.ActiveCfg = Debug|Any CPU
		{C7B8E7E6-AA7A-445A-A3BF-0643FF864196}.Debug|Any CPU.Build.0 = Debug|Any CPU
		{C7B8E7E6-AA7A-445A-A3BF-0643FF864196}.Release|Any CPU.ActiveCfg = Release|Any CPU
		{C7B8E7E6-AA7A-445A-A3BF-0643FF864196}.Release|Any CPU.Build.0 = Release|Any CPU
		{5E5A5992-C04A-4237-A5FB-31C713984DE0}.Debug|Any CPU.ActiveCfg = Debug|Any CPU
		{5E5A5992-C04A-4237-A5FB-31C713984DE0}.Debug|Any CPU.Build.0 = Debug|Any CPU
		{5E5A5992-C04A-4237-A5FB-31C713984DE0}.Release|Any CPU.ActiveCfg = Release|Any CPU
		{5E5A5992-C04A-4237-A5FB-31C713984DE0}.Release|Any CPU.Build.0 = Release|Any CPU
		{593DAFE3-E681-4E3B-870F-9E4C25D9FF75}.Debug|Any CPU.ActiveCfg = Debug|Any CPU
		{593DAFE3-E681-4E3B-870F-9E4C25D9FF75}.Debug|Any CPU.Build.0 = Debug|Any CPU
		{593DAFE3-E681-4E3B-870F-9E4C25D9FF75}.Release|Any CPU.ActiveCfg = Release|Any CPU
		{593DAFE3-E681-4E3B-870F-9E4C25D9FF75}.Release|Any CPU.Build.0 = Release|Any CPU
		{91255FC5-32D4-44BE-8943-EAF31C5C5A5C}.Debug|Any CPU.ActiveCfg = Debug|Any CPU
		{91255FC5-32D4-44BE-8943-EAF31C5C5A5C}.Debug|Any CPU.Build.0 = Debug|Any CPU
		{91255FC5-32D4-44BE-8943-EAF31C5C5A5C}.Release|Any CPU.ActiveCfg = Release|Any CPU
		{91255FC5-32D4-44BE-8943-EAF31C5C5A5C}.Release|Any CPU.Build.0 = Release|Any CPU
		{4A327934-9232-49C2-958C-67614ECD86EA}.Debug|Any CPU.ActiveCfg = Debug|Any CPU
		{4A327934-9232-49C2-958C-67614ECD86EA}.Debug|Any CPU.Build.0 = Debug|Any CPU
		{4A327934-9232-49C2-958C-67614ECD86EA}.Release|Any CPU.ActiveCfg = Release|Any CPU
		{4A327934-9232-49C2-958C-67614ECD86EA}.Release|Any CPU.Build.0 = Release|Any CPU
		{E79B44D7-B6DA-4AD1-8403-2E399A203159}.Debug|Any CPU.ActiveCfg = Debug|Any CPU
		{E79B44D7-B6DA-4AD1-8403-2E399A203159}.Debug|Any CPU.Build.0 = Debug|Any CPU
		{E79B44D7-B6DA-4AD1-8403-2E399A203159}.Release|Any CPU.ActiveCfg = Release|Any CPU
		{E79B44D7-B6DA-4AD1-8403-2E399A203159}.Release|Any CPU.Build.0 = Release|Any CPU
		{23ACA190-98F8-4459-8523-628E5E2997BA}.Debug|Any CPU.ActiveCfg = Debug|Any CPU
		{23ACA190-98F8-4459-8523-628E5E2997BA}.Debug|Any CPU.Build.0 = Debug|Any CPU
		{23ACA190-98F8-4459-8523-628E5E2997BA}.Release|Any CPU.ActiveCfg = Release|Any CPU
		{23ACA190-98F8-4459-8523-628E5E2997BA}.Release|Any CPU.Build.0 = Release|Any CPU
	EndGlobalSection
	GlobalSection(SolutionProperties) = preSolution
		HideSolutionNode = FALSE
	EndGlobalSection
	GlobalSection(NestedProjects) = preSolution
		{AADE2369-9F22-4E36-81B9-098FE0BA3BC2} = {35B4A4FF-8D4C-45C6-943C-AFBADD0E10EA}
		{A75475B6-BA0F-491F-9721-A3E72C5B5E22} = {AADE2369-9F22-4E36-81B9-098FE0BA3BC2}
		{DA390672-CBB7-460C-96DC-BBC743A12A27} = {50EA2255-03D4-44E9-8BDF-78E3987B3AAE}
		{63D86CA3-68A5-4B76-8860-6F3874B17C1F} = {35B4A4FF-8D4C-45C6-943C-AFBADD0E10EA}
		{DFED4CA5-8F2A-428E-9FF3-A2503845E175} = {63D86CA3-68A5-4B76-8860-6F3874B17C1F}
		{02EA681E-C7D8-13C7-8484-4AC65E1B71E8} = {35B4A4FF-8D4C-45C6-943C-AFBADD0E10EA}
		{C7B8E7E6-AA7A-445A-A3BF-0643FF864196} = {02EA681E-C7D8-13C7-8484-4AC65E1B71E8}
		{EF1CAB25-B0CA-4293-9E5B-7470E38E935A} = {35B4A4FF-8D4C-45C6-943C-AFBADD0E10EA}
		{5E5A5992-C04A-4237-A5FB-31C713984DE0} = {EF1CAB25-B0CA-4293-9E5B-7470E38E935A}
		{593DAFE3-E681-4E3B-870F-9E4C25D9FF75} = {EF1CAB25-B0CA-4293-9E5B-7470E38E935A}
		{91255FC5-32D4-44BE-8943-EAF31C5C5A5C} = {EF1CAB25-B0CA-4293-9E5B-7470E38E935A}
		{4A327934-9232-49C2-958C-67614ECD86EA} = {EF1CAB25-B0CA-4293-9E5B-7470E38E935A}
		{E79B44D7-B6DA-4AD1-8403-2E399A203159} = {50EA2255-03D4-44E9-8BDF-78E3987B3AAE}
		{23ACA190-98F8-4459-8523-628E5E2997BA} = {E01889B2-8518-4650-B5EA-9B8E6336864F}
	EndGlobalSection
	GlobalSection(ExtensibilityGlobals) = postSolution
		SolutionGuid = {C3677FD6-994B-4EB1-889D-0826FC579E53}
	EndGlobalSection
EndGlobal
